
Microsoft Visual Studio Solution File, Format Version 12.00
# Visual Studio Version 17
VisualStudioVersion = 17.13.35931.197 d17.13
MinimumVisualStudioVersion = 10.0.40219.1
Project("{FAE04EC0-301F-11D3-BF4B-00C04F79EFBC}") = "FeedbackService", "FeedbackService\FeedbackService.csproj", "{C22CCE76-F8E6-419B-9F49-F4C77C974FA6}"
EndProject
Global
	GlobalSection(SolutionConfigurationPlatforms) = preSolution
		Debug|Any CPU = Debug|Any CPU
		Release|Any CPU = Release|Any CPU
	EndGlobalSection
	GlobalSection(ProjectConfigurationPlatforms) = postSolution
		{C22CCE76-F8E6-419B-9F49-F4C77C974FA6}.Debug|Any CPU.ActiveCfg = Debug|Any CPU
		{C22CCE76-F8E6-419B-9F49-F4C77C974FA6}.Debug|Any CPU.Build.0 = Debug|Any CPU
		{C22CCE76-F8E6-419B-9F49-F4C77C974FA6}.Release|Any CPU.ActiveCfg = Release|Any CPU
		{C22CCE76-F8E6-419B-9F49-F4C77C974FA6}.Release|Any CPU.Build.0 = Release|Any CPU
	EndGlobalSection
	GlobalSection(SolutionProperties) = preSolution
		HideSolutionNode = FALSE
	EndGlobalSection
	GlobalSection(ExtensibilityGlobals) = postSolution
		SolutionGuid = {85F99A36-5DEF-43F1-B0F9-0D5025E1D592}
	EndGlobalSection
EndGlobal
